
Microsoft Visual Studio Solution File, Format Version 12.00
# Visual Studio Version 17
VisualStudioVersion = 17.2.32630.192
MinimumVisualStudioVersion = 10.0.40219.1
Project("{FAE04EC0-301F-11D3-BF4B-00C04F79EFBC}") = "Sahe", "Sahe\Sahe.csproj", "{F7152954-DB30-4D43-8B61-3BAD3EDDC26A}"
EndProject
Global
	GlobalSection(SolutionConfigurationPlatforms) = preSolution
		Debug|Any CPU = Debug|Any CPU
		Release|Any CPU = Release|Any CPU
	EndGlobalSection
	GlobalSection(ProjectConfigurationPlatforms) = postSolution
		{F7152954-DB30-4D43-8B61-3BAD3EDDC26A}.Debug|Any CPU.ActiveCfg = Debug|Any CPU
		{F7152954-DB30-4D43-8B61-3BAD3EDDC26A}.Debug|Any CPU.Build.0 = Debug|Any CPU
		{F7152954-DB30-4D43-8B61-3BAD3EDDC26A}.Release|Any CPU.ActiveCfg = Release|Any CPU
		{F7152954-DB30-4D43-8B61-3BAD3EDDC26A}.Release|Any CPU.Build.0 = Release|Any CPU
	EndGlobalSection
	GlobalSection(SolutionProperties) = preSolution
		HideSolutionNode = FALSE
	EndGlobalSection
	GlobalSection(ExtensibilityGlobals) = postSolution
		SolutionGuid = {8A335B04-4892-414C-97A8-30DB940C2C98}
	EndGlobalSection
EndGlobal
